// !$*UTF8*$!
{
	archiveVersion = 1;
	classes = {
	};
	objectVersion = 46;
	objects = {

/* Begin PBXBuildFile section */
		BB33AB3918E2136F003C062D /* Foundation.framework in Frameworks */ = {isa = PBXBuildFile; fileRef = BB33AB3818E2136F003C062D /* Foundation.framework */; };
		BB33AB3B18E2136F003C062D /* CoreGraphics.framework in Frameworks */ = {isa = PBXBuildFile; fileRef = BB33AB3A18E2136F003C062D /* CoreGraphics.framework */; };
		BB33AB3D18E2136F003C062D /* UIKit.framework in Frameworks */ = {isa = PBXBuildFile; fileRef = BB33AB3C18E2136F003C062D /* UIKit.framework */; };
		BB33AB4318E2136F003C062D /* InfoPlist.strings in Resources */ = {isa = PBXBuildFile; fileRef = BB33AB4118E2136F003C062D /* InfoPlist.strings */; };
		BB33AB4518E2136F003C062D /* main.m in Sources */ = {isa = PBXBuildFile; fileRef = BB33AB4418E2136F003C062D /* main.m */; };
		BB33AB4918E2136F003C062D /* AppDelegate.m in Sources */ = {isa = PBXBuildFile; fileRef = BB33AB4818E2136F003C062D /* AppDelegate.m */; };
		BB33AB4B18E2136F003C062D /* Images.xcassets in Resources */ = {isa = PBXBuildFile; fileRef = BB33AB4A18E2136F003C062D /* Images.xcassets */; };
		BB33AB5218E2136F003C062D /* XCTest.framework in Frameworks */ = {isa = PBXBuildFile; fileRef = BB33AB5118E2136F003C062D /* XCTest.framework */; };
		BB33AB5318E2136F003C062D /* Foundation.framework in Frameworks */ = {isa = PBXBuildFile; fileRef = BB33AB3818E2136F003C062D /* Foundation.framework */; };
		BB33AB5418E2136F003C062D /* UIKit.framework in Frameworks */ = {isa = PBXBuildFile; fileRef = BB33AB3C18E2136F003C062D /* UIKit.framework */; };
		BB33AB5C18E2136F003C062D /* InfoPlist.strings in Resources */ = {isa = PBXBuildFile; fileRef = BB33AB5A18E2136F003C062D /* InfoPlist.strings */; };
		BB33AB5E18E2136F003C062D /* ChromaLockTests.m in Sources */ = {isa = PBXBuildFile; fileRef = BB33AB5D18E2136F003C062D /* ChromaLockTests.m */; };
		BB33AB6818E21639003C062D /* Storyboard.storyboard in Resources */ = {isa = PBXBuildFile; fileRef = BB33AB6718E21639003C062D /* Storyboard.storyboard */; };
		BB33AB6B18E22586003C062D /* ResetStageGestrure.m in Sources */ = {isa = PBXBuildFile; fileRef = BB33AB6A18E22586003C062D /* ResetStageGestrure.m */; };
		BB33AB7118E226B0003C062D /* Bloco.m in Sources */ = {isa = PBXBuildFile; fileRef = BB33AB7018E226B0003C062D /* Bloco.m */; };
		BB33AB7418E226DF003C062D /* GameViewController.m in Sources */ = {isa = PBXBuildFile; fileRef = BB33AB7318E226DF003C062D /* GameViewController.m */; };
		BB33AB7718E22748003C062D /* Tabuleiro.m in Sources */ = {isa = PBXBuildFile; fileRef = BB33AB7618E22748003C062D /* Tabuleiro.m */; };
		BB33AB7A18E227E8003C062D /* P1ToP2Gesture.m in Sources */ = {isa = PBXBuildFile; fileRef = BB33AB7918E227E8003C062D /* P1ToP2Gesture.m */; };
		BB55BD3C18E350CE00F2EB68 /* BackgroundB.png in Resources */ = {isa = PBXBuildFile; fileRef = BB55BD3818E350CE00F2EB68 /* BackgroundB.png */; };
		BB55BD3D18E350CE00F2EB68 /* Start On.png in Resources */ = {isa = PBXBuildFile; fileRef = BB55BD3B18E350CE00F2EB68 /* Start On.png */; };
		BB55BD5818E3510300F2EB68 /* ALL Blue.png in Resources */ = {isa = PBXBuildFile; fileRef = BB55BD3F18E3510300F2EB68 /* ALL Blue.png */; };
		BB55BD5918E3510300F2EB68 /* Baixo:Dir Blue.png in Resources */ = {isa = PBXBuildFile; fileRef = BB55BD4018E3510300F2EB68 /* Baixo:Dir Blue.png */; };
		BB55BD5A18E3510300F2EB68 /* Baixo:Esq Blue.png in Resources */ = {isa = PBXBuildFile; fileRef = BB55BD4118E3510300F2EB68 /* Baixo:Esq Blue.png */; };
		BB55BD5B18E3510300F2EB68 /* Cima:Dir Blue.png in Resources */ = {isa = PBXBuildFile; fileRef = BB55BD4218E3510300F2EB68 /* Cima:Dir Blue.png */; };
		BB55BD5C18E3510300F2EB68 /* Cima:Esq Blue.png in Resources */ = {isa = PBXBuildFile; fileRef = BB55BD4318E3510300F2EB68 /* Cima:Esq Blue.png */; };
		BB55BD5D18E3510300F2EB68 /* End Blue.png in Resources */ = {isa = PBXBuildFile; fileRef = BB55BD4418E3510300F2EB68 /* End Blue.png */; };
		BB55BD5E18E3510300F2EB68 /* Hor:Baixo Blue.png in Resources */ = {isa = PBXBuildFile; fileRef = BB55BD4518E3510300F2EB68 /* Hor:Baixo Blue.png */; };
		BB55BD5F18E3510300F2EB68 /* Hor:Cima Blue.png in Resources */ = {isa = PBXBuildFile; fileRef = BB55BD4618E3510300F2EB68 /* Hor:Cima Blue.png */; };
		BB55BD6018E3510300F2EB68 /* Horizontal Blue.png in Resources */ = {isa = PBXBuildFile; fileRef = BB55BD4718E3510300F2EB68 /* Horizontal Blue.png */; };
		BB55BD6118E3510300F2EB68 /* Vert:Dir Blue.png in Resources */ = {isa = PBXBuildFile; fileRef = BB55BD4818E3510300F2EB68 /* Vert:Dir Blue.png */; };
		BB55BD6218E3510300F2EB68 /* Vert:Esq Blue.png in Resources */ = {isa = PBXBuildFile; fileRef = BB55BD4918E3510300F2EB68 /* Vert:Esq Blue.png */; };
		BB55BD6318E3510300F2EB68 /* Vertical Blue.png in Resources */ = {isa = PBXBuildFile; fileRef = BB55BD4A18E3510300F2EB68 /* Vertical Blue.png */; };
		BB55BD6418E3510300F2EB68 /* ALL.png in Resources */ = {isa = PBXBuildFile; fileRef = BB55BD4C18E3510300F2EB68 /* ALL.png */; };
		BB55BD6518E3510300F2EB68 /* Baixo:Dir.png in Resources */ = {isa = PBXBuildFile; fileRef = BB55BD4D18E3510300F2EB68 /* Baixo:Dir.png */; };
		BB55BD6618E3510300F2EB68 /* Baixo:Esq.png in Resources */ = {isa = PBXBuildFile; fileRef = BB55BD4E18E3510300F2EB68 /* Baixo:Esq.png */; };
		BB55BD6718E3510300F2EB68 /* Cima:Dir.png in Resources */ = {isa = PBXBuildFile; fileRef = BB55BD4F18E3510300F2EB68 /* Cima:Dir.png */; };
		BB55BD6818E3510300F2EB68 /* Cima:Esq.png in Resources */ = {isa = PBXBuildFile; fileRef = BB55BD5018E3510300F2EB68 /* Cima:Esq.png */; };
		BB55BD6918E3510300F2EB68 /* End Off.png in Resources */ = {isa = PBXBuildFile; fileRef = BB55BD5118E3510300F2EB68 /* End Off.png */; };
		BB55BD6A18E3510300F2EB68 /* Hor:Baixo.png in Resources */ = {isa = PBXBuildFile; fileRef = BB55BD5218E3510300F2EB68 /* Hor:Baixo.png */; };
		BB55BD6B18E3510300F2EB68 /* Hor:Cima.png in Resources */ = {isa = PBXBuildFile; fileRef = BB55BD5318E3510300F2EB68 /* Hor:Cima.png */; };
		BB55BD6C18E3510300F2EB68 /* Horizontal.png in Resources */ = {isa = PBXBuildFile; fileRef = BB55BD5418E3510300F2EB68 /* Horizontal.png */; };
		BB55BD6D18E3510300F2EB68 /* Vert:Dir.png in Resources */ = {isa = PBXBuildFile; fileRef = BB55BD5518E3510300F2EB68 /* Vert:Dir.png */; };
		BB55BD6E18E3510300F2EB68 /* Vert:Esq.png in Resources */ = {isa = PBXBuildFile; fileRef = BB55BD5618E3510300F2EB68 /* Vert:Esq.png */; };
		BB55BD6F18E3510300F2EB68 /* Vertical.png in Resources */ = {isa = PBXBuildFile; fileRef = BB55BD5718E3510300F2EB68 /* Vertical.png */; };
		BB55BD7218E3644600F2EB68 /* MenuViewController.m in Sources */ = {isa = PBXBuildFile; fileRef = BB55BD7118E3644600F2EB68 /* MenuViewController.m */; };
		BB55BD7518E3645500F2EB68 /* SelectStageViewController.m in Sources */ = {isa = PBXBuildFile; fileRef = BB55BD7418E3645500F2EB68 /* SelectStageViewController.m */; };
		BB55BD7818E3646B00F2EB68 /* CreditosViewController.m in Sources */ = {isa = PBXBuildFile; fileRef = BB55BD7718E3646B00F2EB68 /* CreditosViewController.m */; };
		C02BD8D018EB3ABF008D50B6 /* StageRef.m in Sources */ = {isa = PBXBuildFile; fileRef = C02BD8CF18EB3ABF008D50B6 /* StageRef.m */; };
/* End PBXBuildFile section */

/* Begin PBXContainerItemProxy section */
		BB33AB5518E2136F003C062D /* PBXContainerItemProxy */ = {
			isa = PBXContainerItemProxy;
			containerPortal = BB33AB2D18E2136F003C062D /* Project object */;
			proxyType = 1;
			remoteGlobalIDString = BB33AB3418E2136F003C062D;
			remoteInfo = ChromaLock;
		};
/* End PBXContainerItemProxy section */

/* Begin PBXFileReference section */
		BB33AB3518E2136F003C062D /* ChromaLock.app */ = {isa = PBXFileReference; explicitFileType = wrapper.application; includeInIndex = 0; path = ChromaLock.app; sourceTree = BUILT_PRODUCTS_DIR; };
		BB33AB3818E2136F003C062D /* Foundation.framework */ = {isa = PBXFileReference; lastKnownFileType = wrapper.framework; name = Foundation.framework; path = System/Library/Frameworks/Foundation.framework; sourceTree = SDKROOT; };
		BB33AB3A18E2136F003C062D /* CoreGraphics.framework */ = {isa = PBXFileReference; lastKnownFileType = wrapper.framework; name = CoreGraphics.framework; path = System/Library/Frameworks/CoreGraphics.framework; sourceTree = SDKROOT; };
		BB33AB3C18E2136F003C062D /* UIKit.framework */ = {isa = PBXFileReference; lastKnownFileType = wrapper.framework; name = UIKit.framework; path = System/Library/Frameworks/UIKit.framework; sourceTree = SDKROOT; };
		BB33AB4018E2136F003C062D /* ChromaLock-Info.plist */ = {isa = PBXFileReference; lastKnownFileType = text.plist.xml; path = "ChromaLock-Info.plist"; sourceTree = "<group>"; };
		BB33AB4218E2136F003C062D /* en */ = {isa = PBXFileReference; lastKnownFileType = text.plist.strings; name = en; path = en.lproj/InfoPlist.strings; sourceTree = "<group>"; };
		BB33AB4418E2136F003C062D /* main.m */ = {isa = PBXFileReference; lastKnownFileType = sourcecode.c.objc; path = main.m; sourceTree = "<group>"; };
		BB33AB4618E2136F003C062D /* ChromaLock-Prefix.pch */ = {isa = PBXFileReference; lastKnownFileType = sourcecode.c.h; path = "ChromaLock-Prefix.pch"; sourceTree = "<group>"; };
		BB33AB4718E2136F003C062D /* AppDelegate.h */ = {isa = PBXFileReference; lastKnownFileType = sourcecode.c.h; path = AppDelegate.h; sourceTree = "<group>"; };
		BB33AB4818E2136F003C062D /* AppDelegate.m */ = {isa = PBXFileReference; lastKnownFileType = sourcecode.c.objc; path = AppDelegate.m; sourceTree = "<group>"; };
		BB33AB4A18E2136F003C062D /* Images.xcassets */ = {isa = PBXFileReference; lastKnownFileType = folder.assetcatalog; path = Images.xcassets; sourceTree = "<group>"; };
		BB33AB5018E2136F003C062D /* ChromaLockTests.xctest */ = {isa = PBXFileReference; explicitFileType = wrapper.cfbundle; includeInIndex = 0; path = ChromaLockTests.xctest; sourceTree = BUILT_PRODUCTS_DIR; };
		BB33AB5118E2136F003C062D /* XCTest.framework */ = {isa = PBXFileReference; lastKnownFileType = wrapper.framework; name = XCTest.framework; path = Library/Frameworks/XCTest.framework; sourceTree = DEVELOPER_DIR; };
		BB33AB5918E2136F003C062D /* ChromaLockTests-Info.plist */ = {isa = PBXFileReference; lastKnownFileType = text.plist.xml; path = "ChromaLockTests-Info.plist"; sourceTree = "<group>"; };
		BB33AB5B18E2136F003C062D /* en */ = {isa = PBXFileReference; lastKnownFileType = text.plist.strings; name = en; path = en.lproj/InfoPlist.strings; sourceTree = "<group>"; };
		BB33AB5D18E2136F003C062D /* ChromaLockTests.m */ = {isa = PBXFileReference; lastKnownFileType = sourcecode.c.objc; path = ChromaLockTests.m; sourceTree = "<group>"; };
		BB33AB6718E21639003C062D /* Storyboard.storyboard */ = {isa = PBXFileReference; fileEncoding = 4; lastKnownFileType = file.storyboard; path = Storyboard.storyboard; sourceTree = "<group>"; };
		BB33AB6918E22586003C062D /* ResetStageGestrure.h */ = {isa = PBXFileReference; fileEncoding = 4; lastKnownFileType = sourcecode.c.h; path = ResetStageGestrure.h; sourceTree = "<group>"; };
		BB33AB6A18E22586003C062D /* ResetStageGestrure.m */ = {isa = PBXFileReference; fileEncoding = 4; lastKnownFileType = sourcecode.c.objc; path = ResetStageGestrure.m; sourceTree = "<group>"; };
		BB33AB6F18E226B0003C062D /* Bloco.h */ = {isa = PBXFileReference; fileEncoding = 4; lastKnownFileType = sourcecode.c.h; path = Bloco.h; sourceTree = "<group>"; };
		BB33AB7018E226B0003C062D /* Bloco.m */ = {isa = PBXFileReference; fileEncoding = 4; lastKnownFileType = sourcecode.c.objc; path = Bloco.m; sourceTree = "<group>"; };
		BB33AB7218E226DF003C062D /* GameViewController.h */ = {isa = PBXFileReference; fileEncoding = 4; lastKnownFileType = sourcecode.c.h; path = GameViewController.h; sourceTree = "<group>"; };
		BB33AB7318E226DF003C062D /* GameViewController.m */ = {isa = PBXFileReference; fileEncoding = 4; lastKnownFileType = sourcecode.c.objc; path = GameViewController.m; sourceTree = "<group>"; };
		BB33AB7518E22748003C062D /* Tabuleiro.h */ = {isa = PBXFileReference; fileEncoding = 4; lastKnownFileType = sourcecode.c.h; path = Tabuleiro.h; sourceTree = "<group>"; };
		BB33AB7618E22748003C062D /* Tabuleiro.m */ = {isa = PBXFileReference; fileEncoding = 4; lastKnownFileType = sourcecode.c.objc; path = Tabuleiro.m; sourceTree = "<group>"; };
		BB33AB7818E227E8003C062D /* P1ToP2Gesture.h */ = {isa = PBXFileReference; fileEncoding = 4; lastKnownFileType = sourcecode.c.h; path = P1ToP2Gesture.h; sourceTree = "<group>"; };
		BB33AB7918E227E8003C062D /* P1ToP2Gesture.m */ = {isa = PBXFileReference; fileEncoding = 4; lastKnownFileType = sourcecode.c.objc; path = P1ToP2Gesture.m; sourceTree = "<group>"; };
		BB55BD3818E350CE00F2EB68 /* BackgroundB.png */ = {isa = PBXFileReference; lastKnownFileType = image.png; name = BackgroundB.png; path = ChromaLock/Images.xcassets/BackgroundB.png; sourceTree = "<group>"; };
		BB55BD3B18E350CE00F2EB68 /* Start On.png */ = {isa = PBXFileReference; lastKnownFileType = image.png; name = "Start On.png"; path = "ChromaLock/Images.xcassets/Start On.png"; sourceTree = "<group>"; };
		BB55BD3F18E3510300F2EB68 /* ALL Blue.png */ = {isa = PBXFileReference; lastKnownFileType = image.png; path = "ALL Blue.png"; sourceTree = "<group>"; };
		BB55BD4018E3510300F2EB68 /* Baixo:Dir Blue.png */ = {isa = PBXFileReference; lastKnownFileType = image.png; path = "Baixo:Dir Blue.png"; sourceTree = "<group>"; };
		BB55BD4118E3510300F2EB68 /* Baixo:Esq Blue.png */ = {isa = PBXFileReference; lastKnownFileType = image.png; path = "Baixo:Esq Blue.png"; sourceTree = "<group>"; };
		BB55BD4218E3510300F2EB68 /* Cima:Dir Blue.png */ = {isa = PBXFileReference; lastKnownFileType = image.png; path = "Cima:Dir Blue.png"; sourceTree = "<group>"; };
		BB55BD4318E3510300F2EB68 /* Cima:Esq Blue.png */ = {isa = PBXFileReference; lastKnownFileType = image.png; path = "Cima:Esq Blue.png"; sourceTree = "<group>"; };
		BB55BD4418E3510300F2EB68 /* End Blue.png */ = {isa = PBXFileReference; lastKnownFileType = image.png; path = "End Blue.png"; sourceTree = "<group>"; };
		BB55BD4518E3510300F2EB68 /* Hor:Baixo Blue.png */ = {isa = PBXFileReference; lastKnownFileType = image.png; path = "Hor:Baixo Blue.png"; sourceTree = "<group>"; };
		BB55BD4618E3510300F2EB68 /* Hor:Cima Blue.png */ = {isa = PBXFileReference; lastKnownFileType = image.png; path = "Hor:Cima Blue.png"; sourceTree = "<group>"; };
		BB55BD4718E3510300F2EB68 /* Horizontal Blue.png */ = {isa = PBXFileReference; lastKnownFileType = image.png; path = "Horizontal Blue.png"; sourceTree = "<group>"; };
		BB55BD4818E3510300F2EB68 /* Vert:Dir Blue.png */ = {isa = PBXFileReference; lastKnownFileType = image.png; path = "Vert:Dir Blue.png"; sourceTree = "<group>"; };
		BB55BD4918E3510300F2EB68 /* Vert:Esq Blue.png */ = {isa = PBXFileReference; lastKnownFileType = image.png; path = "Vert:Esq Blue.png"; sourceTree = "<group>"; };
		BB55BD4A18E3510300F2EB68 /* Vertical Blue.png */ = {isa = PBXFileReference; lastKnownFileType = image.png; path = "Vertical Blue.png"; sourceTree = "<group>"; };
		BB55BD4C18E3510300F2EB68 /* ALL.png */ = {isa = PBXFileReference; lastKnownFileType = image.png; name = ALL.png; path = ChromaLock/Images.xcassets/Off/ALL.png; sourceTree = SOURCE_ROOT; };
		BB55BD4D18E3510300F2EB68 /* Baixo:Dir.png */ = {isa = PBXFileReference; lastKnownFileType = image.png; path = "Baixo:Dir.png"; sourceTree = "<group>"; };
		BB55BD4E18E3510300F2EB68 /* Baixo:Esq.png */ = {isa = PBXFileReference; lastKnownFileType = image.png; path = "Baixo:Esq.png"; sourceTree = "<group>"; };
		BB55BD4F18E3510300F2EB68 /* Cima:Dir.png */ = {isa = PBXFileReference; lastKnownFileType = image.png; path = "Cima:Dir.png"; sourceTree = "<group>"; };
		BB55BD5018E3510300F2EB68 /* Cima:Esq.png */ = {isa = PBXFileReference; lastKnownFileType = image.png; path = "Cima:Esq.png"; sourceTree = "<group>"; };
		BB55BD5118E3510300F2EB68 /* End Off.png */ = {isa = PBXFileReference; lastKnownFileType = image.png; path = "End Off.png"; sourceTree = "<group>"; };
		BB55BD5218E3510300F2EB68 /* Hor:Baixo.png */ = {isa = PBXFileReference; lastKnownFileType = image.png; path = "Hor:Baixo.png"; sourceTree = "<group>"; };
		BB55BD5318E3510300F2EB68 /* Hor:Cima.png */ = {isa = PBXFileReference; lastKnownFileType = image.png; path = "Hor:Cima.png"; sourceTree = "<group>"; };
		BB55BD5418E3510300F2EB68 /* Horizontal.png */ = {isa = PBXFileReference; lastKnownFileType = image.png; path = Horizontal.png; sourceTree = "<group>"; };
		BB55BD5518E3510300F2EB68 /* Vert:Dir.png */ = {isa = PBXFileReference; lastKnownFileType = image.png; path = "Vert:Dir.png"; sourceTree = "<group>"; };
		BB55BD5618E3510300F2EB68 /* Vert:Esq.png */ = {isa = PBXFileReference; lastKnownFileType = image.png; path = "Vert:Esq.png"; sourceTree = "<group>"; };
		BB55BD5718E3510300F2EB68 /* Vertical.png */ = {isa = PBXFileReference; lastKnownFileType = image.png; path = Vertical.png; sourceTree = "<group>"; };
		BB55BD7018E3644600F2EB68 /* MenuViewController.h */ = {isa = PBXFileReference; fileEncoding = 4; lastKnownFileType = sourcecode.c.h; path = MenuViewController.h; sourceTree = "<group>"; };
		BB55BD7118E3644600F2EB68 /* MenuViewController.m */ = {isa = PBXFileReference; fileEncoding = 4; lastKnownFileType = sourcecode.c.objc; path = MenuViewController.m; sourceTree = "<group>"; };
		BB55BD7318E3645500F2EB68 /* SelectStageViewController.h */ = {isa = PBXFileReference; fileEncoding = 4; lastKnownFileType = sourcecode.c.h; path = SelectStageViewController.h; sourceTree = "<group>"; };
		BB55BD7418E3645500F2EB68 /* SelectStageViewController.m */ = {isa = PBXFileReference; fileEncoding = 4; lastKnownFileType = sourcecode.c.objc; path = SelectStageViewController.m; sourceTree = "<group>"; };
		BB55BD7618E3646B00F2EB68 /* CreditosViewController.h */ = {isa = PBXFileReference; fileEncoding = 4; lastKnownFileType = sourcecode.c.h; path = CreditosViewController.h; sourceTree = "<group>"; };
		BB55BD7718E3646B00F2EB68 /* CreditosViewController.m */ = {isa = PBXFileReference; fileEncoding = 4; lastKnownFileType = sourcecode.c.objc; path = CreditosViewController.m; sourceTree = "<group>"; };
		C02BD8CE18EB3ABF008D50B6 /* StageRef.h */ = {isa = PBXFileReference; fileEncoding = 4; lastKnownFileType = sourcecode.c.h; path = StageRef.h; sourceTree = "<group>"; };
		C02BD8CF18EB3ABF008D50B6 /* StageRef.m */ = {isa = PBXFileReference; fileEncoding = 4; lastKnownFileType = sourcecode.c.objc; path = StageRef.m; sourceTree = "<group>"; };
/* End PBXFileReference section */

/* Begin PBXFrameworksBuildPhase section */
		BB33AB3218E2136F003C062D /* Frameworks */ = {
			isa = PBXFrameworksBuildPhase;
			buildActionMask = 2147483647;
			files = (
				BB33AB3B18E2136F003C062D /* CoreGraphics.framework in Frameworks */,
				BB33AB3D18E2136F003C062D /* UIKit.framework in Frameworks */,
				BB33AB3918E2136F003C062D /* Foundation.framework in Frameworks */,
			);
			runOnlyForDeploymentPostprocessing = 0;
		};
		BB33AB4D18E2136F003C062D /* Frameworks */ = {
			isa = PBXFrameworksBuildPhase;
			buildActionMask = 2147483647;
			files = (
				BB33AB5218E2136F003C062D /* XCTest.framework in Frameworks */,
				BB33AB5418E2136F003C062D /* UIKit.framework in Frameworks */,
				BB33AB5318E2136F003C062D /* Foundation.framework in Frameworks */,
			);
			runOnlyForDeploymentPostprocessing = 0;
		};
/* End PBXFrameworksBuildPhase section */

/* Begin PBXGroup section */
		BB33AB2C18E2136F003C062D = {
			isa = PBXGroup;
			children = (
				BB55BD3718E350B400F2EB68 /* Images */,
				BB33AB3E18E2136F003C062D /* ChromaLock */,
				BB33AB5718E2136F003C062D /* ChromaLockTests */,
				BB33AB3718E2136F003C062D /* Frameworks */,
				BB33AB3618E2136F003C062D /* Products */,
			);
			sourceTree = "<group>";
		};
		BB33AB3618E2136F003C062D /* Products */ = {
			isa = PBXGroup;
			children = (
				BB33AB3518E2136F003C062D /* ChromaLock.app */,
				BB33AB5018E2136F003C062D /* ChromaLockTests.xctest */,
			);
			name = Products;
			sourceTree = "<group>";
		};
		BB33AB3718E2136F003C062D /* Frameworks */ = {
			isa = PBXGroup;
			children = (
				BB33AB3818E2136F003C062D /* Foundation.framework */,
				BB33AB3A18E2136F003C062D /* CoreGraphics.framework */,
				BB33AB3C18E2136F003C062D /* UIKit.framework */,
				BB33AB5118E2136F003C062D /* XCTest.framework */,
			);
			name = Frameworks;
			sourceTree = "<group>";
		};
		BB33AB3E18E2136F003C062D /* ChromaLock */ = {
			isa = PBXGroup;
			children = (
				BB33AB4718E2136F003C062D /* AppDelegate.h */,
				BB33AB4818E2136F003C062D /* AppDelegate.m */,
				BB33AB4A18E2136F003C062D /* Images.xcassets */,
				BB33AB3F18E2136F003C062D /* Supporting Files */,
				BB33AB6718E21639003C062D /* Storyboard.storyboard */,
				BB55BD7618E3646B00F2EB68 /* CreditosViewController.h */,
				BB55BD7718E3646B00F2EB68 /* CreditosViewController.m */,
				BB55BD7018E3644600F2EB68 /* MenuViewController.h */,
				BB55BD7118E3644600F2EB68 /* MenuViewController.m */,
				BB33AB7218E226DF003C062D /* GameViewController.h */,
				BB33AB7318E226DF003C062D /* GameViewController.m */,
				C02BD8CE18EB3ABF008D50B6 /* StageRef.h */,
				C02BD8CF18EB3ABF008D50B6 /* StageRef.m */,
				BB55BD7318E3645500F2EB68 /* SelectStageViewController.h */,
				BB33AB6918E22586003C062D /* ResetStageGestrure.h */,
				BB55BD7418E3645500F2EB68 /* SelectStageViewController.m */,
				BB33AB6A18E22586003C062D /* ResetStageGestrure.m */,
				BB33AB6F18E226B0003C062D /* Bloco.h */,
				BB33AB7018E226B0003C062D /* Bloco.m */,
				BB33AB7518E22748003C062D /* Tabuleiro.h */,
				BB33AB7618E22748003C062D /* Tabuleiro.m */,
				BB33AB7818E227E8003C062D /* P1ToP2Gesture.h */,
				BB33AB7918E227E8003C062D /* P1ToP2Gesture.m */,
			);
			path = ChromaLock;
			sourceTree = "<group>";
		};
		BB33AB3F18E2136F003C062D /* Supporting Files */ = {
			isa = PBXGroup;
			children = (
				BB33AB4018E2136F003C062D /* ChromaLock-Info.plist */,
				BB33AB4118E2136F003C062D /* InfoPlist.strings */,
				BB33AB4418E2136F003C062D /* main.m */,
				BB33AB4618E2136F003C062D /* ChromaLock-Prefix.pch */,
			);
			name = "Supporting Files";
			sourceTree = "<group>";
		};
		BB33AB5718E2136F003C062D /* ChromaLockTests */ = {
			isa = PBXGroup;
			children = (
				BB33AB5D18E2136F003C062D /* ChromaLockTests.m */,
				BB33AB5818E2136F003C062D /* Supporting Files */,
			);
			path = ChromaLockTests;
			sourceTree = "<group>";
		};
		BB33AB5818E2136F003C062D /* Supporting Files */ = {
			isa = PBXGroup;
			children = (
				BB33AB5918E2136F003C062D /* ChromaLockTests-Info.plist */,
				BB33AB5A18E2136F003C062D /* InfoPlist.strings */,
			);
			name = "Supporting Files";
			sourceTree = "<group>";
		};
		BB55BD3718E350B400F2EB68 /* Images */ = {
			isa = PBXGroup;
			children = (
				BB55BD3E18E3510300F2EB68 /* Blue */,
				BB55BD4B18E3510300F2EB68 /* Off */,
				BB55BD3818E350CE00F2EB68 /* BackgroundB.png */,
				BB55BD3B18E350CE00F2EB68 /* Start On.png */,
			);
			name = Images;
			sourceTree = "<group>";
		};
		BB55BD3E18E3510300F2EB68 /* Blue */ = {
			isa = PBXGroup;
			children = (
				BB55BD3F18E3510300F2EB68 /* ALL Blue.png */,
				BB55BD4018E3510300F2EB68 /* Baixo:Dir Blue.png */,
				BB55BD4118E3510300F2EB68 /* Baixo:Esq Blue.png */,
				BB55BD4218E3510300F2EB68 /* Cima:Dir Blue.png */,
				BB55BD4318E3510300F2EB68 /* Cima:Esq Blue.png */,
				BB55BD4418E3510300F2EB68 /* End Blue.png */,
				BB55BD4518E3510300F2EB68 /* Hor:Baixo Blue.png */,
				BB55BD4618E3510300F2EB68 /* Hor:Cima Blue.png */,
				BB55BD4718E3510300F2EB68 /* Horizontal Blue.png */,
				BB55BD4818E3510300F2EB68 /* Vert:Dir Blue.png */,
				BB55BD4918E3510300F2EB68 /* Vert:Esq Blue.png */,
				BB55BD4A18E3510300F2EB68 /* Vertical Blue.png */,
			);
			name = Blue;
			path = ChromaLock/Images.xcassets/Blue;
			sourceTree = "<group>";
		};
		BB55BD4B18E3510300F2EB68 /* Off */ = {
			isa = PBXGroup;
			children = (
				BB55BD4C18E3510300F2EB68 /* ALL.png */,
				BB55BD4D18E3510300F2EB68 /* Baixo:Dir.png */,
				BB55BD4E18E3510300F2EB68 /* Baixo:Esq.png */,
				BB55BD4F18E3510300F2EB68 /* Cima:Dir.png */,
				BB55BD5018E3510300F2EB68 /* Cima:Esq.png */,
				BB55BD5118E3510300F2EB68 /* End Off.png */,
				BB55BD5218E3510300F2EB68 /* Hor:Baixo.png */,
				BB55BD5318E3510300F2EB68 /* Hor:Cima.png */,
				BB55BD5418E3510300F2EB68 /* Horizontal.png */,
				BB55BD5518E3510300F2EB68 /* Vert:Dir.png */,
				BB55BD5618E3510300F2EB68 /* Vert:Esq.png */,
				BB55BD5718E3510300F2EB68 /* Vertical.png */,
			);
			name = Off;
			path = ChromaLock/Images.xcassets/Off;
			sourceTree = "<group>";
		};
/* End PBXGroup section */

/* Begin PBXNativeTarget section */
		BB33AB3418E2136F003C062D /* ChromaLock */ = {
			isa = PBXNativeTarget;
			buildConfigurationList = BB33AB6118E2136F003C062D /* Build configuration list for PBXNativeTarget "ChromaLock" */;
			buildPhases = (
				BB33AB3118E2136F003C062D /* Sources */,
				BB33AB3218E2136F003C062D /* Frameworks */,
				BB33AB3318E2136F003C062D /* Resources */,
			);
			buildRules = (
			);
			dependencies = (
			);
			name = ChromaLock;
			productName = ChromaLock;
			productReference = BB33AB3518E2136F003C062D /* ChromaLock.app */;
			productType = "com.apple.product-type.application";
		};
		BB33AB4F18E2136F003C062D /* ChromaLockTests */ = {
			isa = PBXNativeTarget;
			buildConfigurationList = BB33AB6418E2136F003C062D /* Build configuration list for PBXNativeTarget "ChromaLockTests" */;
			buildPhases = (
				BB33AB4C18E2136F003C062D /* Sources */,
				BB33AB4D18E2136F003C062D /* Frameworks */,
				BB33AB4E18E2136F003C062D /* Resources */,
			);
			buildRules = (
			);
			dependencies = (
				BB33AB5618E2136F003C062D /* PBXTargetDependency */,
			);
			name = ChromaLockTests;
			productName = ChromaLockTests;
			productReference = BB33AB5018E2136F003C062D /* ChromaLockTests.xctest */;
			productType = "com.apple.product-type.bundle.unit-test";
		};
/* End PBXNativeTarget section */

/* Begin PBXProject section */
		BB33AB2D18E2136F003C062D /* Project object */ = {
			isa = PBXProject;
			attributes = {
				LastUpgradeCheck = 0500;
				ORGANIZATIONNAME = "Danilo Makoto Ikuta";
				TargetAttributes = {
					BB33AB4F18E2136F003C062D = {
						TestTargetID = BB33AB3418E2136F003C062D;
					};
				};
			};
			buildConfigurationList = BB33AB3018E2136F003C062D /* Build configuration list for PBXProject "ChromaLock" */;
			compatibilityVersion = "Xcode 3.2";
			developmentRegion = English;
			hasScannedForEncodings = 0;
			knownRegions = (
				en,
			);
			mainGroup = BB33AB2C18E2136F003C062D;
			productRefGroup = BB33AB3618E2136F003C062D /* Products */;
			projectDirPath = "";
			projectRoot = "";
			targets = (
				BB33AB3418E2136F003C062D /* ChromaLock */,
				BB33AB4F18E2136F003C062D /* ChromaLockTests */,
			);
		};
/* End PBXProject section */

/* Begin PBXResourcesBuildPhase section */
		BB33AB3318E2136F003C062D /* Resources */ = {
			isa = PBXResourcesBuildPhase;
			buildActionMask = 2147483647;
			files = (
				BB55BD6518E3510300F2EB68 /* Baixo:Dir.png in Resources */,
				BB55BD6218E3510300F2EB68 /* Vert:Esq Blue.png in Resources */,
				BB55BD6118E3510300F2EB68 /* Vert:Dir Blue.png in Resources */,
				BB55BD6E18E3510300F2EB68 /* Vert:Esq.png in Resources */,
				BB55BD6B18E3510300F2EB68 /* Hor:Cima.png in Resources */,
				BB55BD6018E3510300F2EB68 /* Horizontal Blue.png in Resources */,
				BB55BD6F18E3510300F2EB68 /* Vertical.png in Resources */,
				BB55BD6818E3510300F2EB68 /* Cima:Esq.png in Resources */,
				BB55BD6418E3510300F2EB68 /* ALL.png in Resources */,
				BB55BD6A18E3510300F2EB68 /* Hor:Baixo.png in Resources */,
				BB55BD6D18E3510300F2EB68 /* Vert:Dir.png in Resources */,
				BB55BD3C18E350CE00F2EB68 /* BackgroundB.png in Resources */,
				BB55BD6618E3510300F2EB68 /* Baixo:Esq.png in Resources */,
				BB33AB4318E2136F003C062D /* InfoPlist.strings in Resources */,
				BB55BD5818E3510300F2EB68 /* ALL Blue.png in Resources */,
				BB55BD5A18E3510300F2EB68 /* Baixo:Esq Blue.png in Resources */,
				BB55BD5F18E3510300F2EB68 /* Hor:Cima Blue.png in Resources */,
				BB55BD6718E3510300F2EB68 /* Cima:Dir.png in Resources */,
				BB55BD3D18E350CE00F2EB68 /* Start On.png in Resources */,
				BB55BD5918E3510300F2EB68 /* Baixo:Dir Blue.png in Resources */,
				BB55BD5D18E3510300F2EB68 /* End Blue.png in Resources */,
				BB55BD5E18E3510300F2EB68 /* Hor:Baixo Blue.png in Resources */,
				BB33AB4B18E2136F003C062D /* Images.xcassets in Resources */,
				BB55BD5B18E3510300F2EB68 /* Cima:Dir Blue.png in Resources */,
				BB55BD6C18E3510300F2EB68 /* Horizontal.png in Resources */,
				BB55BD6918E3510300F2EB68 /* End Off.png in Resources */,
				BB33AB6818E21639003C062D /* Storyboard.storyboard in Resources */,
				BB55BD6318E3510300F2EB68 /* Vertical Blue.png in Resources */,
				BB55BD5C18E3510300F2EB68 /* Cima:Esq Blue.png in Resources */,
			);
			runOnlyForDeploymentPostprocessing = 0;
		};
		BB33AB4E18E2136F003C062D /* Resources */ = {
			isa = PBXResourcesBuildPhase;
			buildActionMask = 2147483647;
			files = (
				BB33AB5C18E2136F003C062D /* InfoPlist.strings in Resources */,
			);
			runOnlyForDeploymentPostprocessing = 0;
		};
/* End PBXResourcesBuildPhase section */

/* Begin PBXSourcesBuildPhase section */
		BB33AB3118E2136F003C062D /* Sources */ = {
			isa = PBXSourcesBuildPhase;
			buildActionMask = 2147483647;
			files = (
				C02BD8D018EB3ABF008D50B6 /* StageRef.m in Sources */,
				BB33AB7118E226B0003C062D /* Bloco.m in Sources */,
				BB33AB4918E2136F003C062D /* AppDelegate.m in Sources */,
				BB33AB6B18E22586003C062D /* ResetStageGestrure.m in Sources */,
				BB55BD7818E3646B00F2EB68 /* CreditosViewController.m in Sources */,
				BB55BD7218E3644600F2EB68 /* MenuViewController.m in Sources */,
				BB33AB4518E2136F003C062D /* main.m in Sources */,
				BB33AB7A18E227E8003C062D /* P1ToP2Gesture.m in Sources */,
				BB33AB7418E226DF003C062D /* GameViewController.m in Sources */,
				BB33AB7718E22748003C062D /* Tabuleiro.m in Sources */,
				BB55BD7518E3645500F2EB68 /* SelectStageViewController.m in Sources */,
			);
			runOnlyForDeploymentPostprocessing = 0;
		};
		BB33AB4C18E2136F003C062D /* Sources */ = {
			isa = PBXSourcesBuildPhase;
			buildActionMask = 2147483647;
			files = (
				BB33AB5E18E2136F003C062D /* ChromaLockTests.m in Sources */,
			);
			runOnlyForDeploymentPostprocessing = 0;
		};
/* End PBXSourcesBuildPhase section */

/* Begin PBXTargetDependency section */
		BB33AB5618E2136F003C062D /* PBXTargetDependency */ = {
			isa = PBXTargetDependency;
			target = BB33AB3418E2136F003C062D /* ChromaLock */;
			targetProxy = BB33AB5518E2136F003C062D /* PBXContainerItemProxy */;
		};
/* End PBXTargetDependency section */

/* Begin PBXVariantGroup section */
		BB33AB4118E2136F003C062D /* InfoPlist.strings */ = {
			isa = PBXVariantGroup;
			children = (
				BB33AB4218E2136F003C062D /* en */,
			);
			name = InfoPlist.strings;
			sourceTree = "<group>";
		};
		BB33AB5A18E2136F003C062D /* InfoPlist.strings */ = {
			isa = PBXVariantGroup;
			children = (
				BB33AB5B18E2136F003C062D /* en */,
			);
			name = InfoPlist.strings;
			sourceTree = "<group>";
		};
/* End PBXVariantGroup section */

/* Begin XCBuildConfiguration section */
		BB33AB5F18E2136F003C062D /* Debug */ = {
			isa = XCBuildConfiguration;
			buildSettings = {
				ALWAYS_SEARCH_USER_PATHS = NO;
				ARCHS = "$(ARCHS_STANDARD_INCLUDING_64_BIT)";
				CLANG_CXX_LANGUAGE_STANDARD = "gnu++0x";
				CLANG_CXX_LIBRARY = "libc++";
				CLANG_ENABLE_MODULES = YES;
				CLANG_ENABLE_OBJC_ARC = YES;
				CLANG_WARN_BOOL_CONVERSION = YES;
				CLANG_WARN_CONSTANT_CONVERSION = YES;
				CLANG_WARN_DIRECT_OBJC_ISA_USAGE = YES_ERROR;
				CLANG_WARN_EMPTY_BODY = YES;
				CLANG_WARN_ENUM_CONVERSION = YES;
				CLANG_WARN_INT_CONVERSION = YES;
				CLANG_WARN_OBJC_ROOT_CLASS = YES_ERROR;
				CLANG_WARN__DUPLICATE_METHOD_MATCH = YES;
				"CODE_SIGN_IDENTITY[sdk=iphoneos*]" = "iPhone Developer";
				COPY_PHASE_STRIP = NO;
				GCC_C_LANGUAGE_STANDARD = gnu99;
				GCC_DYNAMIC_NO_PIC = NO;
				GCC_OPTIMIZATION_LEVEL = 0;
				GCC_PREPROCESSOR_DEFINITIONS = (
					"DEBUG=1",
					"$(inherited)",
				);
				GCC_SYMBOLS_PRIVATE_EXTERN = NO;
				GCC_WARN_64_TO_32_BIT_CONVERSION = YES;
				GCC_WARN_ABOUT_RETURN_TYPE = YES_ERROR;
				GCC_WARN_UNDECLARED_SELECTOR = YES;
				GCC_WARN_UNINITIALIZED_AUTOS = YES;
				GCC_WARN_UNUSED_FUNCTION = YES;
				GCC_WARN_UNUSED_VARIABLE = YES;
				IPHONEOS_DEPLOYMENT_TARGET = 7.0;
				ONLY_ACTIVE_ARCH = YES;
				SDKROOT = iphoneos;
				TARGETED_DEVICE_FAMILY = 2;
			};
			name = Debug;
		};
		BB33AB6018E2136F003C062D /* Release */ = {
			isa = XCBuildConfiguration;
			buildSettings = {
				ALWAYS_SEARCH_USER_PATHS = NO;
				ARCHS = "$(ARCHS_STANDARD_INCLUDING_64_BIT)";
				CLANG_CXX_LANGUAGE_STANDARD = "gnu++0x";
				CLANG_CXX_LIBRARY = "libc++";
				CLANG_ENABLE_MODULES = YES;
				CLANG_ENABLE_OBJC_ARC = YES;
				CLANG_WARN_BOOL_CONVERSION = YES;
				CLANG_WARN_CONSTANT_CONVERSION = YES;
				CLANG_WARN_DIRECT_OBJC_ISA_USAGE = YES_ERROR;
				CLANG_WARN_EMPTY_BODY = YES;
				CLANG_WARN_ENUM_CONVERSION = YES;
				CLANG_WARN_INT_CONVERSION = YES;
				CLANG_WARN_OBJC_ROOT_CLASS = YES_ERROR;
				CLANG_WARN__DUPLICATE_METHOD_MATCH = YES;
				"CODE_SIGN_IDENTITY[sdk=iphoneos*]" = "iPhone Developer";
				COPY_PHASE_STRIP = YES;
				ENABLE_NS_ASSERTIONS = NO;
				GCC_C_LANGUAGE_STANDARD = gnu99;
				GCC_WARN_64_TO_32_BIT_CONVERSION = YES;
				GCC_WARN_ABOUT_RETURN_TYPE = YES_ERROR;
				GCC_WARN_UNDECLARED_SELECTOR = YES;
				GCC_WARN_UNINITIALIZED_AUTOS = YES;
				GCC_WARN_UNUSED_FUNCTION = YES;
				GCC_WARN_UNUSED_VARIABLE = YES;
				IPHONEOS_DEPLOYMENT_TARGET = 7.0;
				SDKROOT = iphoneos;
				TARGETED_DEVICE_FAMILY = 2;
				VALIDATE_PRODUCT = YES;
			};
			name = Release;
		};
		BB33AB6218E2136F003C062D /* Debug */ = {
			isa = XCBuildConfiguration;
			buildSettings = {
				ASSETCATALOG_COMPILER_APPICON_NAME = AppIcon;
				ASSETCATALOG_COMPILER_LAUNCHIMAGE_NAME = LaunchImage;
				GCC_PRECOMPILE_PREFIX_HEADER = YES;
				GCC_PREFIX_HEADER = "ChromaLock/ChromaLock-Prefix.pch";
				INFOPLIST_FILE = "ChromaLock/ChromaLock-Info.plist";
				PRODUCT_NAME = "$(TARGET_NAME)";
				WRAPPER_EXTENSION = app;
			};
			name = Debug;
		};
		BB33AB6318E2136F003C062D /* Release */ = {
			isa = XCBuildConfiguration;
			buildSettings = {
				ASSETCATALOG_COMPILER_APPICON_NAME = AppIcon;
				ASSETCATALOG_COMPILER_LAUNCHIMAGE_NAME = LaunchImage;
				GCC_PRECOMPILE_PREFIX_HEADER = YES;
				GCC_PREFIX_HEADER = "ChromaLock/ChromaLock-Prefix.pch";
				INFOPLIST_FILE = "ChromaLock/ChromaLock-Info.plist";
				PRODUCT_NAME = "$(TARGET_NAME)";
				WRAPPER_EXTENSION = app;
			};
			name = Release;
		};
		BB33AB6518E2136F003C062D /* Debug */ = {
			isa = XCBuildConfiguration;
			buildSettings = {
				ARCHS = "$(ARCHS_STANDARD_INCLUDING_64_BIT)";
				BUNDLE_LOADER = "$(BUILT_PRODUCTS_DIR)/ChromaLock.app/ChromaLock";
				FRAMEWORK_SEARCH_PATHS = (
					"$(SDKROOT)/Developer/Library/Frameworks",
					"$(inherited)",
					"$(DEVELOPER_FRAMEWORKS_DIR)",
				);
				GCC_PRECOMPILE_PREFIX_HEADER = YES;
				GCC_PREFIX_HEADER = "ChromaLock/ChromaLock-Prefix.pch";
				GCC_PREPROCESSOR_DEFINITIONS = (
					"DEBUG=1",
					"$(inherited)",
				);
				INFOPLIST_FILE = "ChromaLockTests/ChromaLockTests-Info.plist";
				PRODUCT_NAME = "$(TARGET_NAME)";
				TEST_HOST = "$(BUNDLE_LOADER)";
				WRAPPER_EXTENSION = xctest;
			};
			name = Debug;
		};
		BB33AB6618E2136F003C062D /* Release */ = {
			isa = XCBuildConfiguration;
			buildSettings = {
				ARCHS = "$(ARCHS_STANDARD_INCLUDING_64_BIT)";
				BUNDLE_LOADER = "$(BUILT_PRODUCTS_DIR)/ChromaLock.app/ChromaLock";
				FRAMEWORK_SEARCH_PATHS = (
					"$(SDKROOT)/Developer/Library/Frameworks",
					"$(inherited)",
					"$(DEVELOPER_FRAMEWORKS_DIR)",
				);
				GCC_PRECOMPILE_PREFIX_HEADER = YES;
				GCC_PREFIX_HEADER = "ChromaLock/ChromaLock-Prefix.pch";
				INFOPLIST_FILE = "ChromaLockTests/ChromaLockTests-Info.plist";
				PRODUCT_NAME = "$(TARGET_NAME)";
				TEST_HOST = "$(BUNDLE_LOADER)";
				WRAPPER_EXTENSION = xctest;
			};
			name = Release;
		};
/* End XCBuildConfiguration section */

/* Begin XCConfigurationList section */
		BB33AB3018E2136F003C062D /* Build configuration list for PBXProject "ChromaLock" */ = {
			isa = XCConfigurationList;
			buildConfigurations = (
				BB33AB5F18E2136F003C062D /* Debug */,
				BB33AB6018E2136F003C062D /* Release */,
			);
			defaultConfigurationIsVisible = 0;
			defaultConfigurationName = Release;
		};
		BB33AB6118E2136F003C062D /* Build configuration list for PBXNativeTarget "ChromaLock" */ = {
			isa = XCConfigurationList;
			buildConfigurations = (
				BB33AB6218E2136F003C062D /* Debug */,
				BB33AB6318E2136F003C062D /* Release */,
			);
			defaultConfigurationIsVisible = 0;
			defaultConfigurationName = Release;
		};
		BB33AB6418E2136F003C062D /* Build configuration list for PBXNativeTarget "ChromaLockTests" */ = {
			isa = XCConfigurationList;
			buildConfigurations = (
				BB33AB6518E2136F003C062D /* Debug */,
				BB33AB6618E2136F003C062D /* Release */,
			);
			defaultConfigurationIsVisible = 0;
			defaultConfigurationName = Release;
		};
/* End XCConfigurationList section */
	};
	rootObject = BB33AB2D18E2136F003C062D /* Project object */;
}
